// !$*UTF8*$!
{
	archiveVersion = 1;
	classes = {
	};
	objectVersion = 46;
	objects = {

/* Begin PBXBuildFile section */
		413BD19066351AB8966ECDB8 /* Pods_TwtrPoc.framework in Frameworks */ = {isa = PBXBuildFile; fileRef = EE5BB4684C9F3267E0E02FBA /* Pods_TwtrPoc.framework */; };
		59E691C61EE84EAC00B92852 /* AppDelegate.swift in Sources */ = {isa = PBXBuildFile; fileRef = 59E691C51EE84EAC00B92852 /* AppDelegate.swift */; };
		59E691C81EE84EAC00B92852 /* ViewController.swift in Sources */ = {isa = PBXBuildFile; fileRef = 59E691C71EE84EAC00B92852 /* ViewController.swift */; };
		59E691CB1EE84EAC00B92852 /* Main.storyboard in Resources */ = {isa = PBXBuildFile; fileRef = 59E691C91EE84EAC00B92852 /* Main.storyboard */; };
		59E691CD1EE84EAC00B92852 /* Assets.xcassets in Resources */ = {isa = PBXBuildFile; fileRef = 59E691CC1EE84EAC00B92852 /* Assets.xcassets */; };
		59E691D01EE84EAC00B92852 /* LaunchScreen.storyboard in Resources */ = {isa = PBXBuildFile; fileRef = 59E691CE1EE84EAC00B92852 /* LaunchScreen.storyboard */; };
		59E691D81EE8676900B92852 /* SafariServices.framework in Frameworks */ = {isa = PBXBuildFile; fileRef = 59E691D71EE8676900B92852 /* SafariServices.framework */; };
/* End PBXBuildFile section */

/* Begin PBXFileReference section */
		5291E8EFF1DE4AD57646BCEB /* Pods-TwtrPoc.debug.xcconfig */ = {isa = PBXFileReference; includeInIndex = 1; lastKnownFileType = text.xcconfig; name = "Pods-TwtrPoc.debug.xcconfig"; path = "Pods/Target Support Files/Pods-TwtrPoc/Pods-TwtrPoc.debug.xcconfig"; sourceTree = "<group>"; };
		59E691C21EE84EAC00B92852 /* TwtrPoc.app */ = {isa = PBXFileReference; explicitFileType = wrapper.application; includeInIndex = 0; path = TwtrPoc.app; sourceTree = BUILT_PRODUCTS_DIR; };
		59E691C51EE84EAC00B92852 /* AppDelegate.swift */ = {isa = PBXFileReference; lastKnownFileType = sourcecode.swift; path = AppDelegate.swift; sourceTree = "<group>"; };
		59E691C71EE84EAC00B92852 /* ViewController.swift */ = {isa = PBXFileReference; lastKnownFileType = sourcecode.swift; path = ViewController.swift; sourceTree = "<group>"; };
		59E691CA1EE84EAC00B92852 /* Base */ = {isa = PBXFileReference; lastKnownFileType = file.storyboard; name = Base; path = Base.lproj/Main.storyboard; sourceTree = "<group>"; };
		59E691CC1EE84EAC00B92852 /* Assets.xcassets */ = {isa = PBXFileReference; lastKnownFileType = folder.assetcatalog; path = Assets.xcassets; sourceTree = "<group>"; };
		59E691CF1EE84EAC00B92852 /* Base */ = {isa = PBXFileReference; lastKnownFileType = file.storyboard; name = Base; path = Base.lproj/LaunchScreen.storyboard; sourceTree = "<group>"; };
		59E691D11EE84EAC00B92852 /* Info.plist */ = {isa = PBXFileReference; lastKnownFileType = text.plist.xml; path = Info.plist; sourceTree = "<group>"; };
		59E691D71EE8676900B92852 /* SafariServices.framework */ = {isa = PBXFileReference; lastKnownFileType = wrapper.framework; name = SafariServices.framework; path = System/Library/Frameworks/SafariServices.framework; sourceTree = SDKROOT; };
		93CC4D773917F108C06C60DB /* Pods-TwtrPoc.release.xcconfig */ = {isa = PBXFileReference; includeInIndex = 1; lastKnownFileType = text.xcconfig; name = "Pods-TwtrPoc.release.xcconfig"; path = "Pods/Target Support Files/Pods-TwtrPoc/Pods-TwtrPoc.release.xcconfig"; sourceTree = "<group>"; };
		EE5BB4684C9F3267E0E02FBA /* Pods_TwtrPoc.framework */ = {isa = PBXFileReference; explicitFileType = wrapper.framework; includeInIndex = 0; path = Pods_TwtrPoc.framework; sourceTree = BUILT_PRODUCTS_DIR; };
/* End PBXFileReference section */

/* Begin PBXFrameworksBuildPhase section */
		59E691BF1EE84EAC00B92852 /* Frameworks */ = {
			isa = PBXFrameworksBuildPhase;
			buildActionMask = 2147483647;
			files = (
				59E691D81EE8676900B92852 /* SafariServices.framework in Frameworks */,
				413BD19066351AB8966ECDB8 /* Pods_TwtrPoc.framework in Frameworks */,
			);
			runOnlyForDeploymentPostprocessing = 0;
		};
/* End PBXFrameworksBuildPhase section */

/* Begin PBXGroup section */
		59E691B91EE84EAC00B92852 = {
			isa = PBXGroup;
			children = (
				59E691C41EE84EAC00B92852 /* TwtrPoc */,
				59E691C31EE84EAC00B92852 /* Products */,
				6B0DB64AEB68A6BEE797BCBD /* Pods */,
				BB6285E222BDFF1125290C87 /* Frameworks */,
			);
			sourceTree = "<group>";
		};
		59E691C31EE84EAC00B92852 /* Products */ = {
			isa = PBXGroup;
			children = (
				59E691C21EE84EAC00B92852 /* TwtrPoc.app */,
			);
			name = Products;
			sourceTree = "<group>";
		};
		59E691C41EE84EAC00B92852 /* TwtrPoc */ = {
			isa = PBXGroup;
			children = (
				59E691C51EE84EAC00B92852 /* AppDelegate.swift */,
				59E691C71EE84EAC00B92852 /* ViewController.swift */,
				59E691C91EE84EAC00B92852 /* Main.storyboard */,
				59E691CC1EE84EAC00B92852 /* Assets.xcassets */,
				59E691CE1EE84EAC00B92852 /* LaunchScreen.storyboard */,
				59E691D11EE84EAC00B92852 /* Info.plist */,
			);
			path = TwtrPoc;
			sourceTree = "<group>";
		};
		6B0DB64AEB68A6BEE797BCBD /* Pods */ = {
			isa = PBXGroup;
			children = (
				5291E8EFF1DE4AD57646BCEB /* Pods-TwtrPoc.debug.xcconfig */,
				93CC4D773917F108C06C60DB /* Pods-TwtrPoc.release.xcconfig */,
			);
			name = Pods;
			sourceTree = "<group>";
		};
		BB6285E222BDFF1125290C87 /* Frameworks */ = {
			isa = PBXGroup;
			children = (
				59E691D71EE8676900B92852 /* SafariServices.framework */,
				EE5BB4684C9F3267E0E02FBA /* Pods_TwtrPoc.framework */,
			);
			name = Frameworks;
			sourceTree = "<group>";
		};
/* End PBXGroup section */

/* Begin PBXNativeTarget section */
		59E691C11EE84EAC00B92852 /* TwtrPoc */ = {
			isa = PBXNativeTarget;
			buildConfigurationList = 59E691D41EE84EAC00B92852 /* Build configuration list for PBXNativeTarget "TwtrPoc" */;
			buildPhases = (
				C59DDCE66A3549179E4044B3 /* [CP] Check Pods Manifest.lock */,
				59E691BE1EE84EAC00B92852 /* Sources */,
				59E691BF1EE84EAC00B92852 /* Frameworks */,
				59E691C01EE84EAC00B92852 /* Resources */,
				F936BBD2DFFB59435E67AC92 /* [CP] Embed Pods Frameworks */,
				7D9D78445F72235F6939515F /* [CP] Copy Pods Resources */,
			);
			buildRules = (
			);
			dependencies = (
			);
			name = TwtrPoc;
			productName = TwtrPoc;
			productReference = 59E691C21EE84EAC00B92852 /* TwtrPoc.app */;
			productType = "com.apple.product-type.application";
		};
/* End PBXNativeTarget section */

/* Begin PBXProject section */
		59E691BA1EE84EAC00B92852 /* Project object */ = {
			isa = PBXProject;
			attributes = {
				LastSwiftUpdateCheck = 0820;
				LastUpgradeCheck = 0820;
				ORGANIZATIONNAME = Noel;
				TargetAttributes = {
					59E691C11EE84EAC00B92852 = {
						CreatedOnToolsVersion = 8.2;
						DevelopmentTeam = G78T3DJN9Z;
						ProvisioningStyle = Automatic;
					};
				};
			};
			buildConfigurationList = 59E691BD1EE84EAC00B92852 /* Build configuration list for PBXProject "TwtrPoc" */;
			compatibilityVersion = "Xcode 3.2";
			developmentRegion = English;
			hasScannedForEncodings = 0;
			knownRegions = (
				en,
				Base,
			);
			mainGroup = 59E691B91EE84EAC00B92852;
			productRefGroup = 59E691C31EE84EAC00B92852 /* Products */;
			projectDirPath = "";
			projectRoot = "";
			targets = (
				59E691C11EE84EAC00B92852 /* TwtrPoc */,
			);
		};
/* End PBXProject section */

/* Begin PBXResourcesBuildPhase section */
		59E691C01EE84EAC00B92852 /* Resources */ = {
			isa = PBXResourcesBuildPhase;
			buildActionMask = 2147483647;
			files = (
				59E691D01EE84EAC00B92852 /* LaunchScreen.storyboard in Resources */,
				59E691CD1EE84EAC00B92852 /* Assets.xcassets in Resources */,
				59E691CB1EE84EAC00B92852 /* Main.storyboard in Resources */,
			);
			runOnlyForDeploymentPostprocessing = 0;
		};
/* End PBXResourcesBuildPhase section */

/* Begin PBXShellScriptBuildPhase section */
		7D9D78445F72235F6939515F /* [CP] Copy Pods Resources */ = {
			isa = PBXShellScriptBuildPhase;
			buildActionMask = 2147483647;
			files = (
			);
			inputPaths = (
			);
			name = "[CP] Copy Pods Resources";
			outputPaths = (
			);
			runOnlyForDeploymentPostprocessing = 0;
			shellPath = /bin/sh;
			shellScript = "\"${SRCROOT}/Pods/Target Support Files/Pods-TwtrPoc/Pods-TwtrPoc-resources.sh\"\n";
			showEnvVarsInLog = 0;
		};
		C59DDCE66A3549179E4044B3 /* [CP] Check Pods Manifest.lock */ = {
			isa = PBXShellScriptBuildPhase;
			buildActionMask = 2147483647;
			files = (
			);
			inputPaths = (
			);
			name = "[CP] Check Pods Manifest.lock";
			outputPaths = (
			);
			runOnlyForDeploymentPostprocessing = 0;
			shellPath = /bin/sh;
			shellScript = "diff \"${PODS_ROOT}/../Podfile.lock\" \"${PODS_ROOT}/Manifest.lock\" > /dev/null\nif [ $? != 0 ] ; then\n    # print error to STDERR\n    echo \"error: The sandbox is not in sync with the Podfile.lock. Run 'pod install' or update your CocoaPods installation.\" >&2\n    exit 1\nfi\n";
			showEnvVarsInLog = 0;
		};
		F936BBD2DFFB59435E67AC92 /* [CP] Embed Pods Frameworks */ = {
			isa = PBXShellScriptBuildPhase;
			buildActionMask = 2147483647;
			files = (
			);
			inputPaths = (
			);
			name = "[CP] Embed Pods Frameworks";
			outputPaths = (
			);
			runOnlyForDeploymentPostprocessing = 0;
			shellPath = /bin/sh;
			shellScript = "\"${SRCROOT}/Pods/Target Support Files/Pods-TwtrPoc/Pods-TwtrPoc-frameworks.sh\"\n";
			showEnvVarsInLog = 0;
		};
/* End PBXShellScriptBuildPhase section */

/* Begin PBXSourcesBuildPhase section */
		59E691BE1EE84EAC00B92852 /* Sources */ = {
			isa = PBXSourcesBuildPhase;
			buildActionMask = 2147483647;
			files = (
				59E691C81EE84EAC00B92852 /* ViewController.swift in Sources */,
				59E691C61EE84EAC00B92852 /* AppDelegate.swift in Sources */,
			);
			runOnlyForDeploymentPostprocessing = 0;
		};
/* End PBXSourcesBuildPhase section */

/* Begin PBXVariantGroup section */
		59E691C91EE84EAC00B92852 /* Main.storyboard */ = {
			isa = PBXVariantGroup;
			children = (
				59E691CA1EE84EAC00B92852 /* Base */,
			);
			name = Main.storyboard;
			sourceTree = "<group>";
		};
		59E691CE1EE84EAC00B92852 /* LaunchScreen.storyboard */ = {
			isa = PBXVariantGroup;
			children = (
				59E691CF1EE84EAC00B92852 /* Base */,
			);
			name = LaunchScreen.storyboard;
			sourceTree = "<group>";
		};
/* End PBXVariantGroup section */

/* Begin XCBuildConfiguration section */
		59E691D21EE84EAC00B92852 /* Debug */ = {
			isa = XCBuildConfiguration;
			buildSettings = {
				ALWAYS_SEARCH_USER_PATHS = NO;
				CLANG_ANALYZER_NONNULL = YES;
				CLANG_CXX_LANGUAGE_STANDARD = "gnu++0x";
				CLANG_CXX_LIBRARY = "libc++";
				CLANG_ENABLE_MODULES = YES;
				CLANG_ENABLE_OBJC_ARC = YES;
				CLANG_WARN_BOOL_CONVERSION = YES;
				CLANG_WARN_CONSTANT_CONVERSION = YES;
				CLANG_WARN_DIRECT_OBJC_ISA_USAGE = YES_ERROR;
				CLANG_WARN_DOCUMENTATION_COMMENTS = YES;
				CLANG_WARN_EMPTY_BODY = YES;
				CLANG_WARN_ENUM_CONVERSION = YES;
				CLANG_WARN_INFINITE_RECURSION = YES;
				CLANG_WARN_INT_CONVERSION = YES;
				CLANG_WARN_OBJC_ROOT_CLASS = YES_ERROR;
				CLANG_WARN_SUSPICIOUS_MOVE = YES;
				CLANG_WARN_UNREACHABLE_CODE = YES;
				CLANG_WARN__DUPLICATE_METHOD_MATCH = YES;
				"CODE_SIGN_IDENTITY[sdk=iphoneos*]" = "iPhone Developer";
				COPY_PHASE_STRIP = NO;
				DEBUG_INFORMATION_FORMAT = dwarf;
				ENABLE_STRICT_OBJC_MSGSEND = YES;
				ENABLE_TESTABILITY = YES;
				GCC_C_LANGUAGE_STANDARD = gnu99;
				GCC_DYNAMIC_NO_PIC = NO;
				GCC_NO_COMMON_BLOCKS = YES;
				GCC_OPTIMIZATION_LEVEL = 0;
				GCC_PREPROCESSOR_DEFINITIONS = (
					"DEBUG=1",
					"$(inherited)",
				);
				GCC_WARN_64_TO_32_BIT_CONVERSION = YES;
				GCC_WARN_ABOUT_RETURN_TYPE = YES_ERROR;
				GCC_WARN_UNDECLARED_SELECTOR = YES;
				GCC_WARN_UNINITIALIZED_AUTOS = YES_AGGRESSIVE;
				GCC_WARN_UNUSED_FUNCTION = YES;
				GCC_WARN_UNUSED_VARIABLE = YES;
				IPHONEOS_DEPLOYMENT_TARGET = 10.2;
				MTL_ENABLE_DEBUG_INFO = YES;
				ONLY_ACTIVE_ARCH = YES;
				SDKROOT = iphoneos;
				SWIFT_ACTIVE_COMPILATION_CONDITIONS = DEBUG;
				SWIFT_OPTIMIZATION_LEVEL = "-Onone";
			};
			name = Debug;
		};
		59E691D31EE84EAC00B92852 /* Release */ = {
			isa = XCBuildConfiguration;
			buildSettings = {
				ALWAYS_SEARCH_USER_PATHS = NO;
				CLANG_ANALYZER_NONNULL = YES;
				CLANG_CXX_LANGUAGE_STANDARD = "gnu++0x";
				CLANG_CXX_LIBRARY = "libc++";
				CLANG_ENABLE_MODULES = YES;
				CLANG_ENABLE_OBJC_ARC = YES;
				CLANG_WARN_BOOL_CONVERSION = YES;
				CLANG_WARN_CONSTANT_CONVERSION = YES;
				CLANG_WARN_DIRECT_OBJC_ISA_USAGE = YES_ERROR;
				CLANG_WARN_DOCUMENTATION_COMMENTS = YES;
				CLANG_WARN_EMPTY_BODY = YES;
				CLANG_WARN_ENUM_CONVERSION = YES;
				CLANG_WARN_INFINITE_RECURSION = YES;
				CLANG_WARN_INT_CONVERSION = YES;
				CLANG_WARN_OBJC_ROOT_CLASS = YES_ERROR;
				CLANG_WARN_SUSPICIOUS_MOVE = YES;
				CLANG_WARN_UNREACHABLE_CODE = YES;
				CLANG_WARN__DUPLICATE_METHOD_MATCH = YES;
				"CODE_SIGN_IDENTITY[sdk=iphoneos*]" = "iPhone Developer";
				COPY_PHASE_STRIP = NO;
				DEBUG_INFORMATION_FORMAT = "dwarf-with-dsym";
				ENABLE_NS_ASSERTIONS = NO;
				ENABLE_STRICT_OBJC_MSGSEND = YES;
				GCC_C_LANGUAGE_STANDARD = gnu99;
				GCC_NO_COMMON_BLOCKS = YES;
				GCC_WARN_64_TO_32_BIT_CONVERSION = YES;
				GCC_WARN_ABOUT_RETURN_TYPE = YES_ERROR;
				GCC_WARN_UNDECLARED_SELECTOR = YES;
				GCC_WARN_UNINITIALIZED_AUTOS = YES_AGGRESSIVE;
				GCC_WARN_UNUSED_FUNCTION = YES;
				GCC_WARN_UNUSED_VARIABLE = YES;
				IPHONEOS_DEPLOYMENT_TARGET = 10.2;
				MTL_ENABLE_DEBUG_INFO = NO;
				SDKROOT = iphoneos;
				SWIFT_OPTIMIZATION_LEVEL = "-Owholemodule";
				VALIDATE_PRODUCT = YES;
			};
			name = Release;
		};
		59E691D51EE84EAC00B92852 /* Debug */ = {
			isa = XCBuildConfiguration;
			baseConfigurationReference = 5291E8EFF1DE4AD57646BCEB /* Pods-TwtrPoc.debug.xcconfig */;
			buildSettings = {
				ASSETCATALOG_COMPILER_APPICON_NAME = AppIcon;
				DEVELOPMENT_TEAM = G78T3DJN9Z;
				INFOPLIST_FILE = TwtrPoc/Info.plist;
				LD_RUNPATH_SEARCH_PATHS = "$(inherited) @executable_path/Frameworks";
				PRODUCT_BUNDLE_IDENTIFIER = org.acme.TwtrPoc;
				PRODUCT_NAME = "$(TARGET_NAME)";
				SWIFT_VERSION = 3.0;
			};
			name = Debug;
		};
		59E691D61EE84EAC00B92852 /* Release */ = {
			isa = XCBuildConfiguration;
			baseConfigurationReference = 93CC4D773917F108C06C60DB /* Pods-TwtrPoc.release.xcconfig */;
			buildSettings = {
				ASSETCATALOG_COMPILER_APPICON_NAME = AppIcon;
				DEVELOPMENT_TEAM = G78T3DJN9Z;
				INFOPLIST_FILE = TwtrPoc/Info.plist;
				LD_RUNPATH_SEARCH_PATHS = "$(inherited) @executable_path/Frameworks";
				PRODUCT_BUNDLE_IDENTIFIER = org.acme.TwtrPoc;
				PRODUCT_NAME = "$(TARGET_NAME)";
				SWIFT_VERSION = 3.0;
			};
			name = Release;
		};
/* End XCBuildConfiguration section */

/* Begin XCConfigurationList section */
		59E691BD1EE84EAC00B92852 /* Build configuration list for PBXProject "TwtrPoc" */ = {
			isa = XCConfigurationList;
			buildConfigurations = (
				59E691D21EE84EAC00B92852 /* Debug */,
				59E691D31EE84EAC00B92852 /* Release */,
			);
			defaultConfigurationIsVisible = 0;
			defaultConfigurationName = Release;
		};
		59E691D41EE84EAC00B92852 /* Build configuration list for PBXNativeTarget "TwtrPoc" */ = {
			isa = XCConfigurationList;
			buildConfigurations = (
				59E691D51EE84EAC00B92852 /* Debug */,
				59E691D61EE84EAC00B92852 /* Release */,
			);
			defaultConfigurationIsVisible = 0;
			defaultConfigurationName = Release;
		};
/* End XCConfigurationList section */
	};
	rootObject = 59E691BA1EE84EAC00B92852 /* Project object */;
}
